github.com/creasty/defaults v1.11.0 h1:lZ8c5bHZGtyIeumdTPXKOKkHtNL+qQWVrGhNPGqeFww=
github.com/creasty/defaults v1.11.0/go.mod h1:TGHvg4OCP/fVv+yotLzg97i5PKrF+iZSvg6Kmm7Y12Y=
github.com/gomarkdown/markdown v0.0.0-20261006233006-5e92716d526e h1:ZSAluLI8KkS21XM2FLoXiKmy01nJbzBvg+DPfnXapDs=
github.com/gomarkdown/markdown v0.0.0-20261006233006-5e92716d526e/go.mod h1:zLCvXLlUnS5tvOi4hpJgzzpJsq0+dliwn85VbPh1JbQ=
github.com/stretchr/testify v1.12.1 h1:EuwCh5fleGS7H32xRwO3wRGT7DxrDhLAT6FF8MpWDWE=
github.com/stretchr/testify v1.12.1/go.mod h1:MDEgiDPPsNp5cuIrHPPCyornHKgEVbtFUmoNlxoYthg=
go.yaml.in/yaml/v3 v3.0.5 h1:N6y/pJk8buWs9NY5ERU2HSMfm+IuD/OtfdAnq6kESPw=
go.yaml.in/yaml/v3 v3.0.5/go.mod h1:HVTZu1O7/Vkt2N+BFy8Zza+lnLsABggaTM2ZpNIGuKg=
gopkg.in/check.v1 v0.0.0-20161208181325-20d25e280405 h1:yhCVgyC4o1eVCa2tZl7eS0r+SDo693bJlVdllGtEeKM=
gopkg.in/check.v1 v0.0.0-20161208181325-20d25e280405/go.mod h1:Co6ibVJAznAaIkqp8huTwlJQCZ016jof/cbN4VW5Yz0=
gopkg.in/yaml.v3 v3.0.1 h1:fxVm/GzAzEWqLHuvctI91KS9hhNmmWOoWu0XTYJS7CA=
gopkg.in/yaml.v3 v3.0.1/go.mod h1:K4uyk7z7BCEPqu6E+C64Yfv1cQ7kz7rIZviUmN+EgEM=
